Microsoft Visual Studio Solution File, Format Version 12.00
# Visual Studio Version 16
VisualStudioVersion = 16.0.29728.190
MinimumVisualStudioVersion = 10.0.40219.1
Project("{FAE04EC0-301F-11D3-BF4B-00C04F79EFBC}") = "ETLProcess", "ETLProcess\ETLProcess.csproj", "{FDE8C872-61FC-47C1-872E-4E1723D30977}"
EndProject
Global
	GlobalSection(SolutionConfigurationPlatforms) = preSolution
		Debug|Any CPU = Debug|Any CPU
		Release|Any CPU = Release|Any CPU
	EndGlobalSection
	GlobalSection(ProjectConfigurationPlatforms) = postSolution
		{FDE8C872-61FC-47C1-872E-4E1723D30977}.Debug|Any CPU.ActiveCfg = Debug|Any CPU
		{FDE8C872-61FC-47C1-872E-4E1723D30977}.Debug|Any CPU.Build.0 = Debug|Any CPU
		{FDE8C872-61FC-47C1-872E-4E1723D30977}.Release|Any CPU.ActiveCfg = Release|Any CPU
		{FDE8C872-61FC-47C1-872E-4E1723D30977}.Release|Any CPU.Build.0 = Release|Any CPU
	EndGlobalSection
	GlobalSection(SolutionProperties) = preSolution
		HideSolutionNode = FALSE
	EndGlobalSection
	GlobalSection(ExtensibilityGlobals) = postSolution
		SolutionGuid = {C00F9B49-1B64-41D1-9BAE-52DD39F5DC85}
	EndGlobalSection
EndGlobal
